
Microsoft Visual Studio Solution File, Format Version 12.00
# Visual Studio Version 16
VisualStudioVersion = 16.0.32510.428
MinimumVisualStudioVersion = 10.0.40219.1
Project("{FAE04EC0-301F-11D3-BF4B-00C04F79EFBC}") = "Client", "Client\Client.csproj", "{3705ECA3-CA65-4B08-8E5E-C4FF0A2D0EC0}"
EndProject
Project("{FAE04EC0-301F-11D3-BF4B-00C04F79EFBC}") = "Server", "Server\Server.csproj", "{5B596AF6-55DC-4518-B4F9-DD3998AE7B8A}"
EndProject
Project("{FAE04EC0-301F-11D3-BF4B-00C04F79EFBC}") = "Proxy", "Proxy\Proxy.csproj", "{9EB082EE-9A7D-43B6-9902-1480519DB2AF}"
EndProject
Project("{FAE04EC0-301F-11D3-BF4B-00C04F79EFBC}") = "Device", "Device\Device.csproj", "{F25AB900-D882-4E80-A9C6-CC7A4B6E81C1}"
EndProject
Project("{FAE04EC0-301F-11D3-BF4B-00C04F79EFBC}") = "Models", "Models\Models.csproj", "{63D658F2-4AF3-47DA-892C-D0C472704C20}"
EndProject
Project("{FAE04EC0-301F-11D3-BF4B-00C04F79EFBC}") = "UnitTestProject", "UnitTestProject\UnitTestProject.csproj", "{19FB6066-B8C3-4700-8249-9B904C6A7DD4}"
EndProject
Global
	GlobalSection(SolutionConfigurationPlatforms) = preSolution
		Debug|Any CPU = Debug|Any CPU
		Release|Any CPU = Release|Any CPU
	EndGlobalSection
	GlobalSection(ProjectConfigurationPlatforms) = postSolution
		{3705ECA3-CA65-4B08-8E5E-C4FF0A2D0EC0}.Debug|Any CPU.ActiveCfg = Debug|Any CPU
		{3705ECA3-CA65-4B08-8E5E-C4FF0A2D0EC0}.Debug|Any CPU.Build.0 = Debug|Any CPU
		{3705ECA3-CA65-4B08-8E5E-C4FF0A2D0EC0}.Release|Any CPU.ActiveCfg = Release|Any CPU
		{3705ECA3-CA65-4B08-8E5E-C4FF0A2D0EC0}.Release|Any CPU.Build.0 = Release|Any CPU
		{5B596AF6-55DC-4518-B4F9-DD3998AE7B8A}.Debug|Any CPU.ActiveCfg = Debug|Any CPU
		{5B596AF6-55DC-4518-B4F9-DD3998AE7B8A}.Debug|Any CPU.Build.0 = Debug|Any CPU
		{5B596AF6-55DC-4518-B4F9-DD3998AE7B8A}.Release|Any CPU.ActiveCfg = Release|Any CPU
		{5B596AF6-55DC-4518-B4F9-DD3998AE7B8A}.Release|Any CPU.Build.0 = Release|Any CPU
		{9EB082EE-9A7D-43B6-9902-1480519DB2AF}.Debug|Any CPU.ActiveCfg = Debug|Any CPU
		{9EB082EE-9A7D-43B6-9902-1480519DB2AF}.Debug|Any CPU.Build.0 = Debug|Any CPU
		{9EB082EE-9A7D-43B6-9902-1480519DB2AF}.Release|Any CPU.ActiveCfg = Release|Any CPU
		{9EB082EE-9A7D-43B6-9902-1480519DB2AF}.Release|Any CPU.Build.0 = Release|Any CPU
		{F25AB900-D882-4E80-A9C6-CC7A4B6E81C1}.Debug|Any CPU.ActiveCfg = Debug|Any CPU
		{F25AB900-D882-4E80-A9C6-CC7A4B6E81C1}.Debug|Any CPU.Build.0 = Debug|Any CPU
		{F25AB900-D882-4E80-A9C6-CC7A4B6E81C1}.Release|Any CPU.ActiveCfg = Release|Any CPU
		{F25AB900-D882-4E80-A9C6-CC7A4B6E81C1}.Release|Any CPU.Build.0 = Release|Any CPU
		{63D658F2-4AF3-47DA-892C-D0C472704C20}.Debug|Any CPU.ActiveCfg = Debug|Any CPU
		{63D658F2-4AF3-47DA-892C-D0C472704C20}.Debug|Any CPU.Build.0 = Debug|Any CPU
		{63D658F2-4AF3-47DA-892C-D0C472704C20}.Release|Any CPU.ActiveCfg = Release|Any CPU
		{63D658F2-4AF3-47DA-892C-D0C472704C20}.Release|Any CPU.Build.0 = Release|Any CPU
		{19FB6066-B8C3-4700-8249-9B904C6A7DD4}.Debug|Any CPU.ActiveCfg = Debug|Any CPU
		{19FB6066-B8C3-4700-8249-9B904C6A7DD4}.Debug|Any CPU.Build.0 = Debug|Any CPU
		{19FB6066-B8C3-4700-8249-9B904C6A7DD4}.Release|Any CPU.ActiveCfg = Release|Any CPU
		{19FB6066-B8C3-4700-8249-9B904C6A7DD4}.Release|Any CPU.Build.0 = Release|Any CPU
	EndGlobalSection
	GlobalSection(SolutionProperties) = preSolution
		HideSolutionNode = FALSE
	EndGlobalSection
	GlobalSection(ExtensibilityGlobals) = postSolution
		SolutionGuid = {C0A54163-2011-4C06-9E0A-78314538C0B8}
	EndGlobalSection
EndGlobal
